
Microsoft Visual Studio Solution File, Format Version 12.00
# Visual Studio Version 17
VisualStudioVersion = 17.10.34928.147
MinimumVisualStudioVersion = 10.0.40219.1
Project("{FAE04EC0-301F-11D3-BF4B-00C04F79EFBC}") = "playlist", "playlist\playlist.csproj", "{B6B394D3-4511-455C-9605-E70444AD39C5}"
EndProject
Global
	GlobalSection(SolutionConfigurationPlatforms) = preSolution
		Debug|Any CPU = Debug|Any CPU
		Release|Any CPU = Release|Any CPU
	EndGlobalSection
	GlobalSection(ProjectConfigurationPlatforms) = postSolution
		{B6B394D3-4511-455C-9605-E70444AD39C5}.Debug|Any CPU.ActiveCfg = Debug|Any CPU
		{B6B394D3-4511-455C-9605-E70444AD39C5}.Debug|Any CPU.Build.0 = Debug|Any CPU
		{B6B394D3-4511-455C-9605-E70444AD39C5}.Release|Any CPU.ActiveCfg = Release|Any CPU
		{B6B394D3-4511-455C-9605-E70444AD39C5}.Release|Any CPU.Build.0 = Release|Any CPU
	EndGlobalSection
	GlobalSection(SolutionProperties) = preSolution
		HideSolutionNode = FALSE
	EndGlobalSection
	GlobalSection(ExtensibilityGlobals) = postSolution
		SolutionGuid = {294D91A8-AE65-4C34-A930-2C92BFA3448C}
	EndGlobalSection
EndGlobal
